{
  "version": 4,
  "terraform_version": "1.2.5",
  "serial": 24,
  "lineage": "4a298972-b508-a294-e5c2-c48b91251abb",
  "outputs": {},
  "resources": [
    {
      "mode": "data",
      "type": "exoscale_compute_template",
      "name": "terraform-playground",
      "provider": "provider[\"registry.terraform.io/exoscale/exoscale\"]",
      "instances": [
        {
          "schema_version": 0,
          "attributes": {
            "filter": "featured",
            "id": "b3684247-dc5d-4c78-a8dd-618037c7d85f",
            "name": "Linux Ubuntu 22.04 LTS 64-bit",
            "username": "ubuntu",
            "zone": "ch-gva-2"
          },
          "sensitive_attributes": []
        }
      ]
    },
    {
      "mode": "managed",
      "type": "exoscale_compute_instance",
      "name": "terraform-playground-instance",
      "provider": "provider[\"registry.terraform.io/exoscale/exoscale\"]",
      "instances": [
        {
          "schema_version": 0,
          "attributes": {
            "anti_affinity_group_ids": null,
            "created_at": "2022-08-09 13:07:15 +0000 UTC",
            "deploy_target_id": "",
            "disk_size": 10,
            "elastic_ip_ids": null,
            "id": "ba70e1e5-ef29-4a43-b158-ab19a18113a4",
            "ipv6": false,
            "ipv6_address": null,
            "labels": null,
            "name": "terraform-playground-instance",
            "network_interface": [],
            "private_network_ids": [],
            "public_ip_address": "159.100.244.15",
            "security_group_ids": [
              "864b5638-6b00-4aa2-a5d2-579ff307f553"
            ],
            "ssh_key": "terraform-playground-ssh-key",
            "state": "running",
            "template_id": "b3684247-dc5d-4c78-a8dd-618037c7d85f",
            "timeouts": null,
            "type": "standard.micro",
            "user_data": null,
            "zone": "ch-gva-2"
          },
          "sensitive_attributes": [],
          "private": "eyJlMmJmYjczMC1lY2FhLTExZTYtOGY4OC0zNDM2M2JjN2M0YzAiOnsiY3JlYXRlIjozMDAwMDAwMDAwMDAsImRlbGV0ZSI6MzAwMDAwMDAwMDAwLCJyZWFkIjozMDAwMDAwMDAwMDAsInVwZGF0ZSI6MzAwMDAwMDAwMDAwfX0=",
          "dependencies": [
            "data.exoscale_compute_template.terraform-playground",
            "exoscale_security_group.terraform-playground-ssh-security-group",
            "exoscale_ssh_key.terraform-playground-ssh-key"
          ]
        }
      ]
    },
    {
      "mode": "managed",
      "type": "exoscale_security_group",
      "name": "terraform-playground-ssh-security-group",
      "provider": "provider[\"registry.terraform.io/exoscale/exoscale\"]",
      "instances": [
        {
          "schema_version": 1,
          "attributes": {
            "description": "",
            "external_sources": null,
            "id": "864b5638-6b00-4aa2-a5d2-579ff307f553",
            "name": "terraform-playground-ssh-security-group",
            "timeouts": null
          },
          "sensitive_attributes": [],
          "private": "eyJlMmJmYjczMC1lY2FhLTExZTYtOGY4OC0zNDM2M2JjN2M0YzAiOnsiY3JlYXRlIjozMDAwMDAwMDAwMDAsImRlbGV0ZSI6MzAwMDAwMDAwMDAwLCJyZWFkIjozMDAwMDAwMDAwMDB9LCJzY2hlbWFfdmVyc2lvbiI6IjEifQ=="
        }
      ]
    },
    {
      "mode": "managed",
      "type": "exoscale_security_group_rule",
      "name": "ssh_ipv4",
      "provider": "provider[\"registry.terraform.io/exoscale/exoscale\"]",
      "instances": [
        {
          "schema_version": 0,
          "attributes": {
            "cidr": "0.0.0.0/0",
            "description": "SSH (IPv4)",
            "end_port": 22,
            "icmp_code": null,
            "icmp_type": null,
            "id": "619aaf8f-6fae-4e84-a25e-f44633021594",
            "protocol": "TCP",
            "security_group": "terraform-playground-ssh-security-group",
            "security_group_id": "864b5638-6b00-4aa2-a5d2-579ff307f553",
            "start_port": 22,
            "timeouts": null,
            "type": "INGRESS",
            "user_security_group": null,
            "user_security_group_id": null
          },
          "sensitive_attributes": [],
          "private": "eyJlMmJmYjczMC1lY2FhLTExZTYtOGY4OC0zNDM2M2JjN2M0YzAiOnsiY3JlYXRlIjozMDAwMDAwMDAwMDAsImRlbGV0ZSI6MzAwMDAwMDAwMDAwLCJyZWFkIjozMDAwMDAwMDAwMDB9fQ==",
          "dependencies": [
            "exoscale_security_group.terraform-playground-ssh-security-group"
          ]
        }
      ]
    },
    {
      "mode": "managed",
      "type": "exoscale_ssh_key",
      "name": "terraform-playground-ssh-key",
      "provider": "provider[\"registry.terraform.io/exoscale/exoscale\"]",
      "instances": [
        {
          "schema_version": 0,
          "attributes": {
            "fingerprint": "0f:ed:8f:b0:84:c1:46:cf:d1:7c:22:a2:f6:86:ed:b1",
            "id": "terraform-playground-ssh-key",
            "name": "terraform-playground-ssh-key",
            "public_key": "ssh-rsa AAAAB3NzaC1yc2EAAAADAQABAAABAQC5oDtZndrOs2kWZHUxKOrRzjscGykoCiJvwTH9cDToiYFV7A84D8RabMpuumzAaNjiSYd9Nqw5+Qp9OtdON+VQ46Pu6Iyp1KqKxAVNZFlm1mhpKDG630qSDN7AHlWhbuskCiEbhxJnKLcySnxLXenfYKKBj774IelDTiadyxjU4jfJt6iB1LznIbMs/1N0AoPO79UDyIdfB0+ptHkkxTBbRDGYLldjch3tZKBkwYXGvPxnaRQSZ8xqqa0DBWTPUvWJ2zn02OfHmcip/1jAQsWQ1msSXM59TufqGDLEAvUqd/TqPBepD6iAS98ABEN7aE5C2u25WJI7p47suS3pSVuf sig@SigMBP\n",
            "timeouts": null
          },
          "sensitive_attributes": [],
          "private": "eyJlMmJmYjczMC1lY2FhLTExZTYtOGY4OC0zNDM2M2JjN2M0YzAiOnsiY3JlYXRlIjozMDAwMDAwMDAwMDAsImRlbGV0ZSI6MzAwMDAwMDAwMDAwLCJyZWFkIjozMDAwMDAwMDAwMDB9fQ=="
        }
      ]
    }
  ]
}
