{
  "version": 4,
  "terraform_version": "1.2.5",
  "serial": 123,
  "lineage": "4a298972-b508-a294-e5c2-c48b91251abb",
  "outputs": {
    "ssh_connection": {
      "value": "ssh -i ~/.ssh/exoscale-playground ubuntu@91.92.200.65",
      "type": "string"
    }
  },
  "resources": [
    {
      "mode": "data",
      "type": "exoscale_compute_template",
      "name": "terraform-playground",
      "provider": "provider[\"registry.terraform.io/exoscale/exoscale\"]",
      "instances": [
        {
          "schema_version": 0,
          "attributes": {
            "filter": "featured",
            "id": "b3684247-dc5d-4c78-a8dd-618037c7d85f",
            "name": "Linux Ubuntu 22.04 LTS 64-bit",
            "username": "ubuntu",
            "zone": "ch-gva-2"
          },
          "sensitive_attributes": []
        }
      ]
    },
    {
      "mode": "managed",
      "type": "exoscale_compute_instance",
      "name": "terraform-playground-instance",
      "provider": "provider[\"registry.terraform.io/exoscale/exoscale\"]",
      "instances": [
        {
          "schema_version": 0,
          "attributes": {
            "anti_affinity_group_ids": null,
            "created_at": "2022-08-10 11:49:34 +0000 UTC",
            "deploy_target_id": "",
            "disk_size": 10,
            "elastic_ip_ids": null,
            "id": "5bc0adb5-0c78-4f93-9a56-f39cd74cfba1",
            "ipv6": false,
            "ipv6_address": null,
            "labels": null,
            "name": "terraform-playground-instance",
            "network_interface": [],
            "private_network_ids": [],
            "public_ip_address": "91.92.200.65",
            "security_group_ids": [
              "7a904ef3-1548-42c0-8536-49ad2436cb31"
            ],
            "ssh_key": "terraform-playground-ssh-key",
            "state": "running",
            "template_id": "b3684247-dc5d-4c78-a8dd-618037c7d85f",
            "timeouts": null,
            "type": "standard.micro",
            "user_data": null,
            "zone": "ch-gva-2"
          },
          "sensitive_attributes": [],
          "private": "eyJlMmJmYjczMC1lY2FhLTExZTYtOGY4OC0zNDM2M2JjN2M0YzAiOnsiY3JlYXRlIjozMDAwMDAwMDAwMDAsImRlbGV0ZSI6MzAwMDAwMDAwMDAwLCJyZWFkIjozMDAwMDAwMDAwMDAsInVwZGF0ZSI6MzAwMDAwMDAwMDAwfX0=",
          "dependencies": [
            "data.exoscale_compute_template.terraform-playground",
            "exoscale_security_group.terraform-playground-ssh-security-group",
            "exoscale_ssh_key.terraform-playground-ssh-key"
          ]
        }
      ]
    },
    {
      "mode": "managed",
      "type": "exoscale_security_group",
      "name": "terraform-playground-ssh-security-group",
      "provider": "provider[\"registry.terraform.io/exoscale/exoscale\"]",
      "instances": [
        {
          "schema_version": 1,
          "attributes": {
            "description": "",
            "external_sources": null,
            "id": "7a904ef3-1548-42c0-8536-49ad2436cb31",
            "name": "terraform-playground-ssh-security-group",
            "timeouts": null
          },
          "sensitive_attributes": [],
          "private": "eyJlMmJmYjczMC1lY2FhLTExZTYtOGY4OC0zNDM2M2JjN2M0YzAiOnsiY3JlYXRlIjozMDAwMDAwMDAwMDAsImRlbGV0ZSI6MzAwMDAwMDAwMDAwLCJyZWFkIjozMDAwMDAwMDAwMDB9LCJzY2hlbWFfdmVyc2lvbiI6IjEifQ=="
        }
      ]
    },
    {
      "mode": "managed",
      "type": "exoscale_security_group_rule",
      "name": "ssh_ipv4",
      "provider": "provider[\"registry.terraform.io/exoscale/exoscale\"]",
      "instances": [
        {
          "schema_version": 0,
          "attributes": {
            "cidr": "0.0.0.0/0",
            "description": "SSH (IPv4)",
            "end_port": 22,
            "icmp_code": null,
            "icmp_type": null,
            "id": "81f312f2-c17f-4907-8576-f415beab208c",
            "protocol": "TCP",
            "security_group": "terraform-playground-ssh-security-group",
            "security_group_id": "7a904ef3-1548-42c0-8536-49ad2436cb31",
            "start_port": 22,
            "timeouts": null,
            "type": "INGRESS",
            "user_security_group": null,
            "user_security_group_id": null
          },
          "sensitive_attributes": [],
          "private": "eyJlMmJmYjczMC1lY2FhLTExZTYtOGY4OC0zNDM2M2JjN2M0YzAiOnsiY3JlYXRlIjozMDAwMDAwMDAwMDAsImRlbGV0ZSI6MzAwMDAwMDAwMDAwLCJyZWFkIjozMDAwMDAwMDAwMDB9fQ==",
          "dependencies": [
            "exoscale_security_group.terraform-playground-ssh-security-group"
          ]
        }
      ]
    },
    {
      "mode": "managed",
      "type": "exoscale_ssh_key",
      "name": "terraform-playground-ssh-key",
      "provider": "provider[\"registry.terraform.io/exoscale/exoscale\"]",
      "instances": [
        {
          "schema_version": 0,
          "attributes": {
            "fingerprint": "6b:45:5b:64:de:ee:e9:38:3c:39:47:9e:2e:90:77:a0",
            "id": "terraform-playground-ssh-key",
            "name": "terraform-playground-ssh-key",
            "public_key": "ssh-rsa AAAAB3NzaC1yc2EAAAADAQABAAABAQCpf5+Igk56psUjHN9yjjeV86Ot+aKyQJx1S3DVeHUjG+TEdasepkkfaKykwsg0PIedXB0w1bXB2inGdM62dhafxhuyFMMECy+S0xcH0B7we2II7NSzNFnag/o6BdawtnFC7Jam3q45N5ydTJKxb4gdrZr1qlhpwfyoNFsGPliaFi7RiZyPKlyBH/M6sWPNcC5BqjnsSG1XruFvBXkgolDX/OGf/XHXzG7BjyUbbIq1VnaQ2h42ZRAPM9PFtBi9rTl+sOOJaNfLu7yx1fVm67UCl5pi8LnXS+0S7JXcgXwnzm0K1SPehelk+It10183mfY7ftKO11N/puiFNJSpEpVr sig@SigMBP\n",
            "timeouts": null
          },
          "sensitive_attributes": [],
          "private": "eyJlMmJmYjczMC1lY2FhLTExZTYtOGY4OC0zNDM2M2JjN2M0YzAiOnsiY3JlYXRlIjozMDAwMDAwMDAwMDAsImRlbGV0ZSI6MzAwMDAwMDAwMDAwLCJyZWFkIjozMDAwMDAwMDAwMDB9fQ=="
        }
      ]
    }
  ]
}
